
Microsoft Visual Studio Solution File, Format Version 12.00
# Visual Studio Version 17
VisualStudioVersion = 17.12.35514.174
MinimumVisualStudioVersion = 10.0.40219.1
Project("{8BC9CEB8-8B4A-11D0-8D11-00A0C91BC942}") = "GameEngine", "GameEngine.vcxproj", "{4F91E03F-271A-4F73-B07A-2B214D8F4F72}"
	ProjectSection(ProjectDependencies) = postProject
		{80362F2A-5F73-48FC-AF23-CEFCAA725ED0} = {80362F2A-5F73-48FC-AF23-CEFCAA725ED0}
	EndProjectSection
EndProject
Project("{8BC9CEB8-8B4A-11D0-8D11-00A0C91BC942}") = "Script", "Script\Script.vcxproj", "{80362F2A-5F73-48FC-AF23-CEFCAA725ED0}"
EndProject
Global
	GlobalSection(SolutionConfigurationPlatforms) = preSolution
		Debug|x64 = Debug|x64
		Release|x64 = Release|x64
	EndGlobalSection
	GlobalSection(ProjectConfigurationPlatforms) = postSolution
		{4F91E03F-271A-4F73-B07A-2B214D8F4F72}.Debug|x64.ActiveCfg = Debug|x64
		{4F91E03F-271A-4F73-B07A-2B214D8F4F72}.Debug|x64.Build.0 = Debug|x64
		{4F91E03F-271A-4F73-B07A-2B214D8F4F72}.Release|x64.ActiveCfg = Release|x64
		{4F91E03F-271A-4F73-B07A-2B214D8F4F72}.Release|x64.Build.0 = Release|x64
		{80362F2A-5F73-48FC-AF23-CEFCAA725ED0}.Debug|x64.ActiveCfg = Debug|x64
		{80362F2A-5F73-48FC-AF23-CEFCAA725ED0}.Debug|x64.Build.0 = Debug|x64
		{80362F2A-5F73-48FC-AF23-CEFCAA725ED0}.Release|x64.ActiveCfg = Release|x64
		{80362F2A-5F73-48FC-AF23-CEFCAA725ED0}.Release|x64.Build.0 = Release|x64
	EndGlobalSection
	GlobalSection(SolutionProperties) = preSolution
		HideSolutionNode = FALSE
	EndGlobalSection
	GlobalSection(ExtensibilityGlobals) = postSolution
		SolutionGuid = {23B1757D-DDE9-498A-A82D-2EFF4DECC894}
	EndGlobalSection
EndGlobal
